
Microsoft Visual Studio Solution File, Format Version 12.00
# Visual Studio 15
VisualStudioVersion = 15.0.27130.0
MinimumVisualStudioVersion = 10.0.40219.1
Project("{FAE04EC0-301F-11D3-BF4B-00C04F79EFBC}") = "1.Odd-Lines", "1.Odd-Lines.csproj", "{35ADD299-9E8F-42A1-8819-6652D2645F89}"
EndProject
Project("{FAE04EC0-301F-11D3-BF4B-00C04F79EFBC}") = "2.Line-Numbers", "..\2.Line-Numbers\2.Line-Numbers.csproj", "{57EBB692-DF72-44C7-99B4-29DAA2CC742A}"
EndProject
Project("{FAE04EC0-301F-11D3-BF4B-00C04F79EFBC}") = "3.Word-Count", "..\3.Word-Count\3.Word-Count.csproj", "{BAE84486-8930-4A46-BC37-315817598141}"
EndProject
Project("{FAE04EC0-301F-11D3-BF4B-00C04F79EFBC}") = "4.Merge-Files", "..\4.Merge-Files\4.Merge-Files.csproj", "{BCA1DCB2-1366-4C88-B654-B58D47A7D608}"
EndProject
Project("{FAE04EC0-301F-11D3-BF4B-00C04F79EFBC}") = "5.Folder-Size", "..\5.Folder-Size\5.Folder-Size.csproj", "{283088C3-9531-4736-A5E6-63158BA9A0B8}"
EndProject
Global
	GlobalSection(SolutionConfigurationPlatforms) = preSolution
		Debug|Any CPU = Debug|Any CPU
		Release|Any CPU = Release|Any CPU
	EndGlobalSection
	GlobalSection(ProjectConfigurationPlatforms) = postSolution
		{35ADD299-9E8F-42A1-8819-6652D2645F89}.Debug|Any CPU.ActiveCfg = Debug|Any CPU
		{35ADD299-9E8F-42A1-8819-6652D2645F89}.Debug|Any CPU.Build.0 = Debug|Any CPU
		{35ADD299-9E8F-42A1-8819-6652D2645F89}.Release|Any CPU.ActiveCfg = Release|Any CPU
		{35ADD299-9E8F-42A1-8819-6652D2645F89}.Release|Any CPU.Build.0 = Release|Any CPU
		{57EBB692-DF72-44C7-99B4-29DAA2CC742A}.Debug|Any CPU.ActiveCfg = Debug|Any CPU
		{57EBB692-DF72-44C7-99B4-29DAA2CC742A}.Debug|Any CPU.Build.0 = Debug|Any CPU
		{57EBB692-DF72-44C7-99B4-29DAA2CC742A}.Release|Any CPU.ActiveCfg = Release|Any CPU
		{57EBB692-DF72-44C7-99B4-29DAA2CC742A}.Release|Any CPU.Build.0 = Release|Any CPU
		{BAE84486-8930-4A46-BC37-315817598141}.Debug|Any CPU.ActiveCfg = Debug|Any CPU
		{BAE84486-8930-4A46-BC37-315817598141}.Debug|Any CPU.Build.0 = Debug|Any CPU
		{BAE84486-8930-4A46-BC37-315817598141}.Release|Any CPU.ActiveCfg = Release|Any CPU
		{BAE84486-8930-4A46-BC37-315817598141}.Release|Any CPU.Build.0 = Release|Any CPU
		{BCA1DCB2-1366-4C88-B654-B58D47A7D608}.Debug|Any CPU.ActiveCfg = Debug|Any CPU
		{BCA1DCB2-1366-4C88-B654-B58D47A7D608}.Debug|Any CPU.Build.0 = Debug|Any CPU
		{BCA1DCB2-1366-4C88-B654-B58D47A7D608}.Release|Any CPU.ActiveCfg = Release|Any CPU
		{BCA1DCB2-1366-4C88-B654-B58D47A7D608}.Release|Any CPU.Build.0 = Release|Any CPU
		{283088C3-9531-4736-A5E6-63158BA9A0B8}.Debug|Any CPU.ActiveCfg = Debug|Any CPU
		{283088C3-9531-4736-A5E6-63158BA9A0B8}.Debug|Any CPU.Build.0 = Debug|Any CPU
		{283088C3-9531-4736-A5E6-63158BA9A0B8}.Release|Any CPU.ActiveCfg = Release|Any CPU
		{283088C3-9531-4736-A5E6-63158BA9A0B8}.Release|Any CPU.Build.0 = Release|Any CPU
	EndGlobalSection
	GlobalSection(SolutionProperties) = preSolution
		HideSolutionNode = FALSE
	EndGlobalSection
	GlobalSection(ExtensibilityGlobals) = postSolution
		SolutionGuid = {4F54A08C-9243-4DE7-BA68-12F0BF68FC49}
	EndGlobalSection
EndGlobal
