
Microsoft Visual Studio Solution File, Format Version 12.00
# Visual Studio 15
VisualStudioVersion = 15.0.27130.0
MinimumVisualStudioVersion = 10.0.40219.1
Project("{FAE04EC0-301F-11D3-BF4B-00C04F79EFBC}") = "01.Order-by-Age", "01.Order-by-Age.csproj", "{384DA501-6C0B-455F-B8E7-157C9D7BC00B}"
EndProject
Project("{FAE04EC0-301F-11D3-BF4B-00C04F79EFBC}") = "02.Vehicle-Catalogue", "..\02.Vehicle-Catalogue\02.Vehicle-Catalogue.csproj", "{AB5FF104-B500-4F00-996B-166CE37A2C60}"
EndProject
Project("{FAE04EC0-301F-11D3-BF4B-00C04F79EFBC}") = "03.Jarvis", "..\03.Jarvis\03.Jarvis.csproj", "{09042F48-9B5A-4D8F-9B9E-2F9640DD12D1}"
EndProject
Global
	GlobalSection(SolutionConfigurationPlatforms) = preSolution
		Debug|Any CPU = Debug|Any CPU
		Release|Any CPU = Release|Any CPU
	EndGlobalSection
	GlobalSection(ProjectConfigurationPlatforms) = postSolution
		{384DA501-6C0B-455F-B8E7-157C9D7BC00B}.Debug|Any CPU.ActiveCfg = Debug|Any CPU
		{384DA501-6C0B-455F-B8E7-157C9D7BC00B}.Debug|Any CPU.Build.0 = Debug|Any CPU
		{384DA501-6C0B-455F-B8E7-157C9D7BC00B}.Release|Any CPU.ActiveCfg = Release|Any CPU
		{384DA501-6C0B-455F-B8E7-157C9D7BC00B}.Release|Any CPU.Build.0 = Release|Any CPU
		{AB5FF104-B500-4F00-996B-166CE37A2C60}.Debug|Any CPU.ActiveCfg = Debug|Any CPU
		{AB5FF104-B500-4F00-996B-166CE37A2C60}.Debug|Any CPU.Build.0 = Debug|Any CPU
		{AB5FF104-B500-4F00-996B-166CE37A2C60}.Release|Any CPU.ActiveCfg = Release|Any CPU
		{AB5FF104-B500-4F00-996B-166CE37A2C60}.Release|Any CPU.Build.0 = Release|Any CPU
		{09042F48-9B5A-4D8F-9B9E-2F9640DD12D1}.Debug|Any CPU.ActiveCfg = Debug|Any CPU
		{09042F48-9B5A-4D8F-9B9E-2F9640DD12D1}.Debug|Any CPU.Build.0 = Debug|Any CPU
		{09042F48-9B5A-4D8F-9B9E-2F9640DD12D1}.Release|Any CPU.ActiveCfg = Release|Any CPU
		{09042F48-9B5A-4D8F-9B9E-2F9640DD12D1}.Release|Any CPU.Build.0 = Release|Any CPU
	EndGlobalSection
	GlobalSection(SolutionProperties) = preSolution
		HideSolutionNode = FALSE
	EndGlobalSection
	GlobalSection(ExtensibilityGlobals) = postSolution
		SolutionGuid = {1C541DA1-7593-4563-80EC-A3AEA186009D}
	EndGlobalSection
EndGlobal
