
Microsoft Visual Studio Solution File, Format Version 12.00
# Visual Studio 15
VisualStudioVersion = 15.0.27130.0
MinimumVisualStudioVersion = 10.0.40219.1
Project("{FAE04EC0-301F-11D3-BF4B-00C04F79EFBC}") = "01. Poke Mon", "01. Poke Mon.csproj", "{57DCC83A-611B-45A7-92D1-54F0336DCA69}"
EndProject
Global
	GlobalSection(SolutionConfigurationPlatforms) = preSolution
		Debug|Any CPU = Debug|Any CPU
		Release|Any CPU = Release|Any CPU
	EndGlobalSection
	GlobalSection(ProjectConfigurationPlatforms) = postSolution
		{57DCC83A-611B-45A7-92D1-54F0336DCA69}.Debug|Any CPU.ActiveCfg = Debug|Any CPU
		{57DCC83A-611B-45A7-92D1-54F0336DCA69}.Debug|Any CPU.Build.0 = Debug|Any CPU
		{57DCC83A-611B-45A7-92D1-54F0336DCA69}.Release|Any CPU.ActiveCfg = Release|Any CPU
		{57DCC83A-611B-45A7-92D1-54F0336DCA69}.Release|Any CPU.Build.0 = Release|Any CPU
	EndGlobalSection
	GlobalSection(SolutionProperties) = preSolution
		HideSolutionNode = FALSE
	EndGlobalSection
	GlobalSection(ExtensibilityGlobals) = postSolution
		SolutionGuid = {76FB23C0-8E4E-4ACB-A07A-6D6E8525C2FE}
	EndGlobalSection
EndGlobal
