
Microsoft Visual Studio Solution File, Format Version 12.00
# Visual Studio 15
VisualStudioVersion = 15.0.27130.0
MinimumVisualStudioVersion = 10.0.40219.1
Project("{FAE04EC0-301F-11D3-BF4B-00C04F79EFBC}") = "01. Centuries to Minutes", "01. Centuries to Minutes.csproj", "{5DCD0089-F51C-44B5-820E-54947EFAE278}"
EndProject
Project("{FAE04EC0-301F-11D3-BF4B-00C04F79EFBC}") = "02. Circle Area", "..\02. Circle Area\02. Circle Area.csproj", "{D1CCF1FA-8589-4B28-A293-42A7B040F753}"
EndProject
Project("{FAE04EC0-301F-11D3-BF4B-00C04F79EFBC}") = "03. Exact Sum of Real Num", "..\03. Exact Sum of Real Num\03. Exact Sum of Real Num.csproj", "{C72F0864-8E69-46EB-9A77-4BF3F36AE9BF}"
EndProject
Project("{FAE04EC0-301F-11D3-BF4B-00C04F79EFBC}") = "04. Elevator", "..\04. Elevator\04. Elevator.csproj", "{4A900F15-0383-44BB-AC10-1026B73F5E7D}"
EndProject
Project("{FAE04EC0-301F-11D3-BF4B-00C04F79EFBC}") = "05. Special Numbers", "..\05. Special Numbers\05. Special Numbers.csproj", "{DB5139FE-05A9-425A-82C7-4E59A414845F}"
EndProject
Project("{FAE04EC0-301F-11D3-BF4B-00C04F79EFBC}") = "6. Triples of Latin Letters", "..\6. Triples of Latin Letters\6. Triples of Latin Letters.csproj", "{32515FDB-CCD1-46A7-A4B5-D033C238D154}"
EndProject
Project("{FAE04EC0-301F-11D3-BF4B-00C04F79EFBC}") = "07. Greeting", "..\07. Greeting\07. Greeting.csproj", "{F13A9DBC-0D88-448B-8450-9CD2F4A65860}"
EndProject
Project("{FAE04EC0-301F-11D3-BF4B-00C04F79EFBC}") = "08. Refactor Volume", "..\08. Refactor Volume\08. Refactor Volume.csproj", "{CF0203F6-86F4-499D-8CB2-601901957613}"
EndProject
Project("{FAE04EC0-301F-11D3-BF4B-00C04F79EFBC}") = "09. Refactor Special Numbers", "..\09. Refactor Special Numbers\09. Refactor Special Numbers.csproj", "{3C8F3731-63D4-483E-A6FD-5CE4ED728E7E}"
EndProject
Global
	GlobalSection(SolutionConfigurationPlatforms) = preSolution
		Debug|Any CPU = Debug|Any CPU
		Release|Any CPU = Release|Any CPU
	EndGlobalSection
	GlobalSection(ProjectConfigurationPlatforms) = postSolution
		{5DCD0089-F51C-44B5-820E-54947EFAE278}.Debug|Any CPU.ActiveCfg = Debug|Any CPU
		{5DCD0089-F51C-44B5-820E-54947EFAE278}.Debug|Any CPU.Build.0 = Debug|Any CPU
		{5DCD0089-F51C-44B5-820E-54947EFAE278}.Release|Any CPU.ActiveCfg = Release|Any CPU
		{5DCD0089-F51C-44B5-820E-54947EFAE278}.Release|Any CPU.Build.0 = Release|Any CPU
		{D1CCF1FA-8589-4B28-A293-42A7B040F753}.Debug|Any CPU.ActiveCfg = Debug|Any CPU
		{D1CCF1FA-8589-4B28-A293-42A7B040F753}.Debug|Any CPU.Build.0 = Debug|Any CPU
		{D1CCF1FA-8589-4B28-A293-42A7B040F753}.Release|Any CPU.ActiveCfg = Release|Any CPU
		{D1CCF1FA-8589-4B28-A293-42A7B040F753}.Release|Any CPU.Build.0 = Release|Any CPU
		{C72F0864-8E69-46EB-9A77-4BF3F36AE9BF}.Debug|Any CPU.ActiveCfg = Debug|Any CPU
		{C72F0864-8E69-46EB-9A77-4BF3F36AE9BF}.Debug|Any CPU.Build.0 = Debug|Any CPU
		{C72F0864-8E69-46EB-9A77-4BF3F36AE9BF}.Release|Any CPU.ActiveCfg = Release|Any CPU
		{C72F0864-8E69-46EB-9A77-4BF3F36AE9BF}.Release|Any CPU.Build.0 = Release|Any CPU
		{4A900F15-0383-44BB-AC10-1026B73F5E7D}.Debug|Any CPU.ActiveCfg = Debug|Any CPU
		{4A900F15-0383-44BB-AC10-1026B73F5E7D}.Debug|Any CPU.Build.0 = Debug|Any CPU
		{4A900F15-0383-44BB-AC10-1026B73F5E7D}.Release|Any CPU.ActiveCfg = Release|Any CPU
		{4A900F15-0383-44BB-AC10-1026B73F5E7D}.Release|Any CPU.Build.0 = Release|Any CPU
		{DB5139FE-05A9-425A-82C7-4E59A414845F}.Debug|Any CPU.ActiveCfg = Debug|Any CPU
		{DB5139FE-05A9-425A-82C7-4E59A414845F}.Debug|Any CPU.Build.0 = Debug|Any CPU
		{DB5139FE-05A9-425A-82C7-4E59A414845F}.Release|Any CPU.ActiveCfg = Release|Any CPU
		{DB5139FE-05A9-425A-82C7-4E59A414845F}.Release|Any CPU.Build.0 = Release|Any CPU
		{32515FDB-CCD1-46A7-A4B5-D033C238D154}.Debug|Any CPU.ActiveCfg = Debug|Any CPU
		{32515FDB-CCD1-46A7-A4B5-D033C238D154}.Debug|Any CPU.Build.0 = Debug|Any CPU
		{32515FDB-CCD1-46A7-A4B5-D033C238D154}.Release|Any CPU.ActiveCfg = Release|Any CPU
		{32515FDB-CCD1-46A7-A4B5-D033C238D154}.Release|Any CPU.Build.0 = Release|Any CPU
		{F13A9DBC-0D88-448B-8450-9CD2F4A65860}.Debug|Any CPU.ActiveCfg = Debug|Any CPU
		{F13A9DBC-0D88-448B-8450-9CD2F4A65860}.Debug|Any CPU.Build.0 = Debug|Any CPU
		{F13A9DBC-0D88-448B-8450-9CD2F4A65860}.Release|Any CPU.ActiveCfg = Release|Any CPU
		{F13A9DBC-0D88-448B-8450-9CD2F4A65860}.Release|Any CPU.Build.0 = Release|Any CPU
		{CF0203F6-86F4-499D-8CB2-601901957613}.Debug|Any CPU.ActiveCfg = Debug|Any CPU
		{CF0203F6-86F4-499D-8CB2-601901957613}.Debug|Any CPU.Build.0 = Debug|Any CPU
		{CF0203F6-86F4-499D-8CB2-601901957613}.Release|Any CPU.ActiveCfg = Release|Any CPU
		{CF0203F6-86F4-499D-8CB2-601901957613}.Release|Any CPU.Build.0 = Release|Any CPU
		{3C8F3731-63D4-483E-A6FD-5CE4ED728E7E}.Debug|Any CPU.ActiveCfg = Debug|Any CPU
		{3C8F3731-63D4-483E-A6FD-5CE4ED728E7E}.Debug|Any CPU.Build.0 = Debug|Any CPU
		{3C8F3731-63D4-483E-A6FD-5CE4ED728E7E}.Release|Any CPU.ActiveCfg = Release|Any CPU
		{3C8F3731-63D4-483E-A6FD-5CE4ED728E7E}.Release|Any CPU.Build.0 = Release|Any CPU
	EndGlobalSection
	GlobalSection(SolutionProperties) = preSolution
		HideSolutionNode = FALSE
	EndGlobalSection
	GlobalSection(ExtensibilityGlobals) = postSolution
		SolutionGuid = {8A197A7B-495E-45A2-A1AA-A2F826C81458}
	EndGlobalSection
EndGlobal
