
Microsoft Visual Studio Solution File, Format Version 12.00
# Visual Studio 15
VisualStudioVersion = 15.0.26730.16
MinimumVisualStudioVersion = 10.0.40219.1
Project("{FAE04EC0-301F-11D3-BF4B-00C04F79EFBC}") = "FirstTask", "FirstTask.csproj", "{7D246188-674E-454C-999C-4591303C2793}"
EndProject
Project("{FAE04EC0-301F-11D3-BF4B-00C04F79EFBC}") = "SecondTask", "..\SecondTask\SecondTask.csproj", "{11A1E14E-F902-42A4-AD4C-3C722F81FCAD}"
EndProject
Project("{FAE04EC0-301F-11D3-BF4B-00C04F79EFBC}") = "ThreeTask", "..\ThreeTask\ThreeTask.csproj", "{3B882721-E3F5-4DEE-BC1C-54131DCA4417}"
EndProject
Project("{FAE04EC0-301F-11D3-BF4B-00C04F79EFBC}") = "FourPart", "..\FourPart\FourPart.csproj", "{C1973FFF-C9ED-44C2-BF95-245670CCEDA0}"
EndProject
Global
	GlobalSection(SolutionConfigurationPlatforms) = preSolution
		Debug|Any CPU = Debug|Any CPU
		Release|Any CPU = Release|Any CPU
	EndGlobalSection
	GlobalSection(ProjectConfigurationPlatforms) = postSolution
		{7D246188-674E-454C-999C-4591303C2793}.Debug|Any CPU.ActiveCfg = Debug|Any CPU
		{7D246188-674E-454C-999C-4591303C2793}.Debug|Any CPU.Build.0 = Debug|Any CPU
		{7D246188-674E-454C-999C-4591303C2793}.Release|Any CPU.ActiveCfg = Release|Any CPU
		{7D246188-674E-454C-999C-4591303C2793}.Release|Any CPU.Build.0 = Release|Any CPU
		{11A1E14E-F902-42A4-AD4C-3C722F81FCAD}.Debug|Any CPU.ActiveCfg = Debug|Any CPU
		{11A1E14E-F902-42A4-AD4C-3C722F81FCAD}.Debug|Any CPU.Build.0 = Debug|Any CPU
		{11A1E14E-F902-42A4-AD4C-3C722F81FCAD}.Release|Any CPU.ActiveCfg = Release|Any CPU
		{11A1E14E-F902-42A4-AD4C-3C722F81FCAD}.Release|Any CPU.Build.0 = Release|Any CPU
		{3B882721-E3F5-4DEE-BC1C-54131DCA4417}.Debug|Any CPU.ActiveCfg = Debug|Any CPU
		{3B882721-E3F5-4DEE-BC1C-54131DCA4417}.Debug|Any CPU.Build.0 = Debug|Any CPU
		{3B882721-E3F5-4DEE-BC1C-54131DCA4417}.Release|Any CPU.ActiveCfg = Release|Any CPU
		{3B882721-E3F5-4DEE-BC1C-54131DCA4417}.Release|Any CPU.Build.0 = Release|Any CPU
		{C1973FFF-C9ED-44C2-BF95-245670CCEDA0}.Debug|Any CPU.ActiveCfg = Debug|Any CPU
		{C1973FFF-C9ED-44C2-BF95-245670CCEDA0}.Debug|Any CPU.Build.0 = Debug|Any CPU
		{C1973FFF-C9ED-44C2-BF95-245670CCEDA0}.Release|Any CPU.ActiveCfg = Release|Any CPU
		{C1973FFF-C9ED-44C2-BF95-245670CCEDA0}.Release|Any CPU.Build.0 = Release|Any CPU
	EndGlobalSection
	GlobalSection(SolutionProperties) = preSolution
		HideSolutionNode = FALSE
	EndGlobalSection
	GlobalSection(ExtensibilityGlobals) = postSolution
		SolutionGuid = {2B5A73BA-3B1B-41B3-9449-AD42518544F3}
	EndGlobalSection
EndGlobal
