
Microsoft Visual Studio Solution File, Format Version 12.00
# Visual Studio 15
VisualStudioVersion = 15.0.27130.0
MinimumVisualStudioVersion = 10.0.40219.1
Project("{FAE04EC0-301F-11D3-BF4B-00C04F79EFBC}") = "03. Endurance Rally", "03. Endurance Rally.csproj", "{AF49D45E-883C-4BDF-8B48-EE3C9227D9E2}"
EndProject
Project("{FAE04EC0-301F-11D3-BF4B-00C04F79EFBC}") = "04. Winning Ticket", "..\04. Winning Ticket\04. Winning Ticket.csproj", "{AA7F2991-5284-4F73-A35D-34CBE020BC2A}"
EndProject
Global
	GlobalSection(SolutionConfigurationPlatforms) = preSolution
		Debug|Any CPU = Debug|Any CPU
		Release|Any CPU = Release|Any CPU
	EndGlobalSection
	GlobalSection(ProjectConfigurationPlatforms) = postSolution
		{AF49D45E-883C-4BDF-8B48-EE3C9227D9E2}.Debug|Any CPU.ActiveCfg = Debug|Any CPU
		{AF49D45E-883C-4BDF-8B48-EE3C9227D9E2}.Debug|Any CPU.Build.0 = Debug|Any CPU
		{AF49D45E-883C-4BDF-8B48-EE3C9227D9E2}.Release|Any CPU.ActiveCfg = Release|Any CPU
		{AF49D45E-883C-4BDF-8B48-EE3C9227D9E2}.Release|Any CPU.Build.0 = Release|Any CPU
		{AA7F2991-5284-4F73-A35D-34CBE020BC2A}.Debug|Any CPU.ActiveCfg = Debug|Any CPU
		{AA7F2991-5284-4F73-A35D-34CBE020BC2A}.Debug|Any CPU.Build.0 = Debug|Any CPU
		{AA7F2991-5284-4F73-A35D-34CBE020BC2A}.Release|Any CPU.ActiveCfg = Release|Any CPU
		{AA7F2991-5284-4F73-A35D-34CBE020BC2A}.Release|Any CPU.Build.0 = Release|Any CPU
	EndGlobalSection
	GlobalSection(SolutionProperties) = preSolution
		HideSolutionNode = FALSE
	EndGlobalSection
	GlobalSection(ExtensibilityGlobals) = postSolution
		SolutionGuid = {5824A0F7-B7AC-48E3-BA39-9F639BB48B78}
	EndGlobalSection
EndGlobal
