
Microsoft Visual Studio Solution File, Format Version 12.00
# Visual Studio 15
VisualStudioVersion = 15.0.27130.0
MinimumVisualStudioVersion = 10.0.40219.1
Project("{FAE04EC0-301F-11D3-BF4B-00C04F79EFBC}") = "03. Hornet Assault", "03. Hornet Assault.csproj", "{21EB3373-15DD-4642-8B3C-6A620AFBF1E5}"
EndProject
Project("{FAE04EC0-301F-11D3-BF4B-00C04F79EFBC}") = "04. Hornet Armada", "..\04. Hornet Armada\04. Hornet Armada.csproj", "{229704EB-E665-43DB-B10C-463A90C347C6}"
EndProject
Global
	GlobalSection(SolutionConfigurationPlatforms) = preSolution
		Debug|Any CPU = Debug|Any CPU
		Release|Any CPU = Release|Any CPU
	EndGlobalSection
	GlobalSection(ProjectConfigurationPlatforms) = postSolution
		{21EB3373-15DD-4642-8B3C-6A620AFBF1E5}.Debug|Any CPU.ActiveCfg = Debug|Any CPU
		{21EB3373-15DD-4642-8B3C-6A620AFBF1E5}.Debug|Any CPU.Build.0 = Debug|Any CPU
		{21EB3373-15DD-4642-8B3C-6A620AFBF1E5}.Release|Any CPU.ActiveCfg = Release|Any CPU
		{21EB3373-15DD-4642-8B3C-6A620AFBF1E5}.Release|Any CPU.Build.0 = Release|Any CPU
		{229704EB-E665-43DB-B10C-463A90C347C6}.Debug|Any CPU.ActiveCfg = Debug|Any CPU
		{229704EB-E665-43DB-B10C-463A90C347C6}.Debug|Any CPU.Build.0 = Debug|Any CPU
		{229704EB-E665-43DB-B10C-463A90C347C6}.Release|Any CPU.ActiveCfg = Release|Any CPU
		{229704EB-E665-43DB-B10C-463A90C347C6}.Release|Any CPU.Build.0 = Release|Any CPU
	EndGlobalSection
	GlobalSection(SolutionProperties) = preSolution
		HideSolutionNode = FALSE
	EndGlobalSection
	GlobalSection(ExtensibilityGlobals) = postSolution
		SolutionGuid = {CF5C6722-BC88-4F21-808E-AE611AF40CAD}
	EndGlobalSection
EndGlobal
