
Microsoft Visual Studio Solution File, Format Version 12.00
# Visual Studio 15
VisualStudioVersion = 15.0.27130.0
MinimumVisualStudioVersion = 10.0.40219.1
Project("{FAE04EC0-301F-11D3-BF4B-00C04F79EFBC}") = "01. Charity Marathon", "01. Charity Marathon.csproj", "{67668E09-5598-4E83-A1ED-5D68D1586539}"
EndProject
Project("{FAE04EC0-301F-11D3-BF4B-00C04F79EFBC}") = "02. Ladybugs", "..\02. Ladybugs\02. Ladybugs.csproj", "{EB7EE904-8002-44C7-B750-51BD2F0E3837}"
EndProject
Global
	GlobalSection(SolutionConfigurationPlatforms) = preSolution
		Debug|Any CPU = Debug|Any CPU
		Release|Any CPU = Release|Any CPU
	EndGlobalSection
	GlobalSection(ProjectConfigurationPlatforms) = postSolution
		{67668E09-5598-4E83-A1ED-5D68D1586539}.Debug|Any CPU.ActiveCfg = Debug|Any CPU
		{67668E09-5598-4E83-A1ED-5D68D1586539}.Debug|Any CPU.Build.0 = Debug|Any CPU
		{67668E09-5598-4E83-A1ED-5D68D1586539}.Release|Any CPU.ActiveCfg = Release|Any CPU
		{67668E09-5598-4E83-A1ED-5D68D1586539}.Release|Any CPU.Build.0 = Release|Any CPU
		{EB7EE904-8002-44C7-B750-51BD2F0E3837}.Debug|Any CPU.ActiveCfg = Debug|Any CPU
		{EB7EE904-8002-44C7-B750-51BD2F0E3837}.Debug|Any CPU.Build.0 = Debug|Any CPU
		{EB7EE904-8002-44C7-B750-51BD2F0E3837}.Release|Any CPU.ActiveCfg = Release|Any CPU
		{EB7EE904-8002-44C7-B750-51BD2F0E3837}.Release|Any CPU.Build.0 = Release|Any CPU
	EndGlobalSection
	GlobalSection(SolutionProperties) = preSolution
		HideSolutionNode = FALSE
	EndGlobalSection
	GlobalSection(ExtensibilityGlobals) = postSolution
		SolutionGuid = {71F321B5-0EB9-48BA-B66F-F1D795ED1562}
	EndGlobalSection
EndGlobal
