
Microsoft Visual Studio Solution File, Format Version 12.00
# Visual Studio 15
VisualStudioVersion = 15.0.27130.0
MinimumVisualStudioVersion = 10.0.40219.1
Project("{FAE04EC0-301F-11D3-BF4B-00C04F79EFBC}") = "01. Practice Integer Numbers", "01. Practice Integer Numbers.csproj", "{C900BB3E-4779-47B8-887B-AE609C4DD5C6}"
EndProject
Project("{FAE04EC0-301F-11D3-BF4B-00C04F79EFBC}") = "02. Practice Floating Point Numbers", "..\02. Practice Floating Point Numbers\02. Practice Floating Point Numbers.csproj", "{E68E9F91-1F9D-4DE6-8631-CF82A933F2B0}"
EndProject
Project("{FAE04EC0-301F-11D3-BF4B-00C04F79EFBC}") = "03. Exchange Variable Values", "..\03. Exchange Variable Values\03. Exchange Variable Values.csproj", "{F709E62B-A670-4858-AE22-33C0CC32DDCA}"
EndProject
Project("{FAE04EC0-301F-11D3-BF4B-00C04F79EFBC}") = "04. Float or Integer", "..\04. Float or Integer\04. Float or Integer.csproj", "{1ED7B208-7431-41EC-8598-E4E58A529999}"
EndProject
Project("{FAE04EC0-301F-11D3-BF4B-00C04F79EFBC}") = "05. Distance of the Stars", "..\05. Distance of the Stars\05. Distance of the Stars.csproj", "{1574D6C1-E81C-471D-8279-BA818ADF1751}"
EndProject
Project("{FAE04EC0-301F-11D3-BF4B-00C04F79EFBC}") = "06. Increment Variable", "..\06. Increment Variable\06. Increment Variable.csproj", "{66D31EC3-0D22-45A2-A7E4-008E2E1D00A1}"
EndProject
Project("{FAE04EC0-301F-11D3-BF4B-00C04F79EFBC}") = "07. From Terabytes to Bits", "..\07. From Terabytes to Bits\07. From Terabytes to Bits.csproj", "{61D0289E-93FE-4B70-90EA-B5AE225BE13F}"
EndProject
Project("{FAE04EC0-301F-11D3-BF4B-00C04F79EFBC}") = "08. Traveling At Light Speed", "..\08. Traveling At Light Speed\08. Traveling At Light Speed.csproj", "{C2B7E416-D7E6-4C0D-A779-49A937928214}"
EndProject
Project("{FAE04EC0-301F-11D3-BF4B-00C04F79EFBC}") = "09.  Triangle Formations", "..\09.  Triangle Formations\09.  Triangle Formations.csproj", "{88558CF6-A64F-4221-9B7C-9D426C46A2FC}"
EndProject
Project("{FAE04EC0-301F-11D3-BF4B-00C04F79EFBC}") = "10. Data Overflow", "..\10. Data Overflow\10. Data Overflow.csproj", "{A7E332A1-F699-42B3-9DDB-8309E5C64924}"
EndProject
Project("{FAE04EC0-301F-11D3-BF4B-00C04F79EFBC}") = "11. Practice Characters and Strings", "..\11. Practice Characters and Strings\11. Practice Characters and Strings.csproj", "{8262C89F-0B5A-4392-B469-F34FC54C047E}"
EndProject
Global
	GlobalSection(SolutionConfigurationPlatforms) = preSolution
		Debug|Any CPU = Debug|Any CPU
		Release|Any CPU = Release|Any CPU
	EndGlobalSection
	GlobalSection(ProjectConfigurationPlatforms) = postSolution
		{C900BB3E-4779-47B8-887B-AE609C4DD5C6}.Debug|Any CPU.ActiveCfg = Debug|Any CPU
		{C900BB3E-4779-47B8-887B-AE609C4DD5C6}.Debug|Any CPU.Build.0 = Debug|Any CPU
		{C900BB3E-4779-47B8-887B-AE609C4DD5C6}.Release|Any CPU.ActiveCfg = Release|Any CPU
		{C900BB3E-4779-47B8-887B-AE609C4DD5C6}.Release|Any CPU.Build.0 = Release|Any CPU
		{E68E9F91-1F9D-4DE6-8631-CF82A933F2B0}.Debug|Any CPU.ActiveCfg = Debug|Any CPU
		{E68E9F91-1F9D-4DE6-8631-CF82A933F2B0}.Debug|Any CPU.Build.0 = Debug|Any CPU
		{E68E9F91-1F9D-4DE6-8631-CF82A933F2B0}.Release|Any CPU.ActiveCfg = Release|Any CPU
		{E68E9F91-1F9D-4DE6-8631-CF82A933F2B0}.Release|Any CPU.Build.0 = Release|Any CPU
		{F709E62B-A670-4858-AE22-33C0CC32DDCA}.Debug|Any CPU.ActiveCfg = Debug|Any CPU
		{F709E62B-A670-4858-AE22-33C0CC32DDCA}.Debug|Any CPU.Build.0 = Debug|Any CPU
		{F709E62B-A670-4858-AE22-33C0CC32DDCA}.Release|Any CPU.ActiveCfg = Release|Any CPU
		{F709E62B-A670-4858-AE22-33C0CC32DDCA}.Release|Any CPU.Build.0 = Release|Any CPU
		{1ED7B208-7431-41EC-8598-E4E58A529999}.Debug|Any CPU.ActiveCfg = Debug|Any CPU
		{1ED7B208-7431-41EC-8598-E4E58A529999}.Debug|Any CPU.Build.0 = Debug|Any CPU
		{1ED7B208-7431-41EC-8598-E4E58A529999}.Release|Any CPU.ActiveCfg = Release|Any CPU
		{1ED7B208-7431-41EC-8598-E4E58A529999}.Release|Any CPU.Build.0 = Release|Any CPU
		{1574D6C1-E81C-471D-8279-BA818ADF1751}.Debug|Any CPU.ActiveCfg = Debug|Any CPU
		{1574D6C1-E81C-471D-8279-BA818ADF1751}.Debug|Any CPU.Build.0 = Debug|Any CPU
		{1574D6C1-E81C-471D-8279-BA818ADF1751}.Release|Any CPU.ActiveCfg = Release|Any CPU
		{1574D6C1-E81C-471D-8279-BA818ADF1751}.Release|Any CPU.Build.0 = Release|Any CPU
		{66D31EC3-0D22-45A2-A7E4-008E2E1D00A1}.Debug|Any CPU.ActiveCfg = Debug|Any CPU
		{66D31EC3-0D22-45A2-A7E4-008E2E1D00A1}.Debug|Any CPU.Build.0 = Debug|Any CPU
		{66D31EC3-0D22-45A2-A7E4-008E2E1D00A1}.Release|Any CPU.ActiveCfg = Release|Any CPU
		{66D31EC3-0D22-45A2-A7E4-008E2E1D00A1}.Release|Any CPU.Build.0 = Release|Any CPU
		{61D0289E-93FE-4B70-90EA-B5AE225BE13F}.Debug|Any CPU.ActiveCfg = Debug|Any CPU
		{61D0289E-93FE-4B70-90EA-B5AE225BE13F}.Debug|Any CPU.Build.0 = Debug|Any CPU
		{61D0289E-93FE-4B70-90EA-B5AE225BE13F}.Release|Any CPU.ActiveCfg = Release|Any CPU
		{61D0289E-93FE-4B70-90EA-B5AE225BE13F}.Release|Any CPU.Build.0 = Release|Any CPU
		{C2B7E416-D7E6-4C0D-A779-49A937928214}.Debug|Any CPU.ActiveCfg = Debug|Any CPU
		{C2B7E416-D7E6-4C0D-A779-49A937928214}.Debug|Any CPU.Build.0 = Debug|Any CPU
		{C2B7E416-D7E6-4C0D-A779-49A937928214}.Release|Any CPU.ActiveCfg = Release|Any CPU
		{C2B7E416-D7E6-4C0D-A779-49A937928214}.Release|Any CPU.Build.0 = Release|Any CPU
		{88558CF6-A64F-4221-9B7C-9D426C46A2FC}.Debug|Any CPU.ActiveCfg = Debug|Any CPU
		{88558CF6-A64F-4221-9B7C-9D426C46A2FC}.Debug|Any CPU.Build.0 = Debug|Any CPU
		{88558CF6-A64F-4221-9B7C-9D426C46A2FC}.Release|Any CPU.ActiveCfg = Release|Any CPU
		{88558CF6-A64F-4221-9B7C-9D426C46A2FC}.Release|Any CPU.Build.0 = Release|Any CPU
		{A7E332A1-F699-42B3-9DDB-8309E5C64924}.Debug|Any CPU.ActiveCfg = Debug|Any CPU
		{A7E332A1-F699-42B3-9DDB-8309E5C64924}.Debug|Any CPU.Build.0 = Debug|Any CPU
		{A7E332A1-F699-42B3-9DDB-8309E5C64924}.Release|Any CPU.ActiveCfg = Release|Any CPU
		{A7E332A1-F699-42B3-9DDB-8309E5C64924}.Release|Any CPU.Build.0 = Release|Any CPU
		{8262C89F-0B5A-4392-B469-F34FC54C047E}.Debug|Any CPU.ActiveCfg = Debug|Any CPU
		{8262C89F-0B5A-4392-B469-F34FC54C047E}.Debug|Any CPU.Build.0 = Debug|Any CPU
		{8262C89F-0B5A-4392-B469-F34FC54C047E}.Release|Any CPU.ActiveCfg = Release|Any CPU
		{8262C89F-0B5A-4392-B469-F34FC54C047E}.Release|Any CPU.Build.0 = Release|Any CPU
	EndGlobalSection
	GlobalSection(SolutionProperties) = preSolution
		HideSolutionNode = FALSE
	EndGlobalSection
	GlobalSection(ExtensibilityGlobals) = postSolution
		SolutionGuid = {41FA16F3-050D-44BD-B564-AB69A2974993}
	EndGlobalSection
EndGlobal
