
Microsoft Visual Studio Solution File, Format Version 12.00
# Visual Studio 15
VisualStudioVersion = 15.0.27130.0
MinimumVisualStudioVersion = 10.0.40219.1
Project("{FAE04EC0-301F-11D3-BF4B-00C04F79EFBC}") = "01.Remove-Negatives-and-Reverse", "01.Remove-Negatives-and-Reverse.csproj", "{9A9E4F0C-BEDA-45AF-A85B-EE0C38B2C2B9}"
EndProject
Project("{FAE04EC0-301F-11D3-BF4B-00C04F79EFBC}") = "02.Append-Lists", "..\02.Append-Lists\02.Append-Lists.csproj", "{8352F7A5-27AB-4909-A264-3FCF9DF2E3E0}"
EndProject
Project("{FAE04EC0-301F-11D3-BF4B-00C04F79EFBC}") = "03.Sum-Adjacent-Equal-Numbers", "..\03.Sum-Adjacent-Equal-Numbers\03.Sum-Adjacent-Equal-Numbers.csproj", "{0209502E-327F-474A-8DE8-A6C0816945ED}"
EndProject
Project("{FAE04EC0-301F-11D3-BF4B-00C04F79EFBC}") = "04.Split-by-Word-Casing", "..\04.Split-by-Word-Casing\04.Split-by-Word-Casing.csproj", "{861DEAD5-7B17-4313-B0DA-7ECB8442631F}"
EndProject
Project("{FAE04EC0-301F-11D3-BF4B-00C04F79EFBC}") = "05.Sort-Numbers", "..\05.Sort-Numbers\05.Sort-Numbers.csproj", "{7D61953E-BF99-40DA-AB00-BDF160BF39D6}"
EndProject
Project("{FAE04EC0-301F-11D3-BF4B-00C04F79EFBC}") = "06.Square-Numbers", "..\06.Square-Numbers\06.Square-Numbers.csproj", "{ABF9512C-6B9B-4E27-8D50-B35F343EA1A2}"
EndProject
Project("{FAE04EC0-301F-11D3-BF4B-00C04F79EFBC}") = "07.Count-Numbers", "..\07.Count-Numbers\07.Count-Numbers.csproj", "{CA771432-8B1D-4F69-AB62-386862CAD3F8}"
EndProject
Global
	GlobalSection(SolutionConfigurationPlatforms) = preSolution
		Debug|Any CPU = Debug|Any CPU
		Release|Any CPU = Release|Any CPU
	EndGlobalSection
	GlobalSection(ProjectConfigurationPlatforms) = postSolution
		{9A9E4F0C-BEDA-45AF-A85B-EE0C38B2C2B9}.Debug|Any CPU.ActiveCfg = Debug|Any CPU
		{9A9E4F0C-BEDA-45AF-A85B-EE0C38B2C2B9}.Debug|Any CPU.Build.0 = Debug|Any CPU
		{9A9E4F0C-BEDA-45AF-A85B-EE0C38B2C2B9}.Release|Any CPU.ActiveCfg = Release|Any CPU
		{9A9E4F0C-BEDA-45AF-A85B-EE0C38B2C2B9}.Release|Any CPU.Build.0 = Release|Any CPU
		{8352F7A5-27AB-4909-A264-3FCF9DF2E3E0}.Debug|Any CPU.ActiveCfg = Debug|Any CPU
		{8352F7A5-27AB-4909-A264-3FCF9DF2E3E0}.Debug|Any CPU.Build.0 = Debug|Any CPU
		{8352F7A5-27AB-4909-A264-3FCF9DF2E3E0}.Release|Any CPU.ActiveCfg = Release|Any CPU
		{8352F7A5-27AB-4909-A264-3FCF9DF2E3E0}.Release|Any CPU.Build.0 = Release|Any CPU
		{0209502E-327F-474A-8DE8-A6C0816945ED}.Debug|Any CPU.ActiveCfg = Debug|Any CPU
		{0209502E-327F-474A-8DE8-A6C0816945ED}.Debug|Any CPU.Build.0 = Debug|Any CPU
		{0209502E-327F-474A-8DE8-A6C0816945ED}.Release|Any CPU.ActiveCfg = Release|Any CPU
		{0209502E-327F-474A-8DE8-A6C0816945ED}.Release|Any CPU.Build.0 = Release|Any CPU
		{861DEAD5-7B17-4313-B0DA-7ECB8442631F}.Debug|Any CPU.ActiveCfg = Debug|Any CPU
		{861DEAD5-7B17-4313-B0DA-7ECB8442631F}.Debug|Any CPU.Build.0 = Debug|Any CPU
		{861DEAD5-7B17-4313-B0DA-7ECB8442631F}.Release|Any CPU.ActiveCfg = Release|Any CPU
		{861DEAD5-7B17-4313-B0DA-7ECB8442631F}.Release|Any CPU.Build.0 = Release|Any CPU
		{7D61953E-BF99-40DA-AB00-BDF160BF39D6}.Debug|Any CPU.ActiveCfg = Debug|Any CPU
		{7D61953E-BF99-40DA-AB00-BDF160BF39D6}.Debug|Any CPU.Build.0 = Debug|Any CPU
		{7D61953E-BF99-40DA-AB00-BDF160BF39D6}.Release|Any CPU.ActiveCfg = Release|Any CPU
		{7D61953E-BF99-40DA-AB00-BDF160BF39D6}.Release|Any CPU.Build.0 = Release|Any CPU
		{ABF9512C-6B9B-4E27-8D50-B35F343EA1A2}.Debug|Any CPU.ActiveCfg = Debug|Any CPU
		{ABF9512C-6B9B-4E27-8D50-B35F343EA1A2}.Debug|Any CPU.Build.0 = Debug|Any CPU
		{ABF9512C-6B9B-4E27-8D50-B35F343EA1A2}.Release|Any CPU.ActiveCfg = Release|Any CPU
		{ABF9512C-6B9B-4E27-8D50-B35F343EA1A2}.Release|Any CPU.Build.0 = Release|Any CPU
		{CA771432-8B1D-4F69-AB62-386862CAD3F8}.Debug|Any CPU.ActiveCfg = Debug|Any CPU
		{CA771432-8B1D-4F69-AB62-386862CAD3F8}.Debug|Any CPU.Build.0 = Debug|Any CPU
		{CA771432-8B1D-4F69-AB62-386862CAD3F8}.Release|Any CPU.ActiveCfg = Release|Any CPU
		{CA771432-8B1D-4F69-AB62-386862CAD3F8}.Release|Any CPU.Build.0 = Release|Any CPU
	EndGlobalSection
	GlobalSection(SolutionProperties) = preSolution
		HideSolutionNode = FALSE
	EndGlobalSection
	GlobalSection(ExtensibilityGlobals) = postSolution
		SolutionGuid = {0ED1861C-AB73-45C4-BA29-07E81C55DCA8}
	EndGlobalSection
EndGlobal
